{
    "_meta": {
        "hash": {
            "sha256": "f7e744bfe9bf2f58bbb151fe5e48b361d323990575d6026ebcfcf6f72e58a5a6"
        },
        "pipfile-spec": 6,
        "requires": {
            "python_version": "3.10"
        },
        "sources": [
            {
                "name": "pypi",
                "url": "https://pypi.org/simple",
                "verify_ssl": true
            }
        ]
    },
    "default": {
        "annotated-doc": {
            "hashes": [
                "sha256:571ac1dc6991c450b25a9c2d84a3705e2ae7a53467b5d111c24fa8baabbed320",
                "sha256:fbcda96e87e9c92ad167c2e53839e57503ecfda18804ea28102353485033faa4"
            ],
            "markers": "python_version >= '3.8'",
            "version": "==0.0.4"
        },
        "annotated-types": {
            "hashes": [
                "sha256:1f02e8b43a8fbbc3f3e0d4f0f4bfc8131bcb4eebe8849b8e5c773f3a1c582a53",
                "sha256:aff07c09a53a08bc8cfccb9c85b05f1aa9a2a6f23728d790723543408344ce89"
            ],
            "markers": "python_version >= '3.8'",
            "version": "==0.7.0"
        },
        "anyio": {
            "hashes": [
                "sha256:08b310f9e24a9594186fd75b4f73f4a4152069e3853f1ed8bfbf58369f4ad708",
                "sha256:334b70e641fd2221c1505b3890c69882fe4a2df910cba14d97019b90b24439dc"
            ],
            "markers": "python_version >= '3.10'",
            "version": "==4.13.0"
        },
        "click": {
            "hashes": [
                "sha256:398329ad4837b2ff7cbe1dd166a4c0f8900c3ca3a218de04466f38f6497f18a2",
                "sha256:a2bf429bb3033c89fa4936ffb35d5cb471e3719e1f3c8a7c3fff0b8314305613"
            ],
            "markers": "python_version >= '3.10'",
            "version": "==8.3.3"
        },
        "dnspython": {
            "hashes": [
                "sha256:01d9bbc4a2d76bf0db7c1f729812ded6d912bd318d3b1cf81d30c0f845dbf3af",
                "sha256:181d3c6996452cb1189c4046c61599b84a5a86e099562ffde77d26984ff26d0f"
            ],
            "markers": "python_version >= '3.10'",
            "version": "==2.8.0"
        },
        "exceptiongroup": {
            "hashes": [
                "sha256:8b412432c6055b0b7d14c310000ae93352ed6754f70fa8f7c34141f91c4e3219",
                "sha256:a7a39a3bd276781e98394987d3a5701d0c4edffb633bb7a5144577f82c773598"
            ],
            "markers": "python_version >= '3.7'",
            "version": "==1.3.1"
        },
        "fastapi": {
            "hashes": [
                "sha256:7af665ad7acfa0a3baf8983d393b6b471b9da10ede59c60045f49fbc89a0fa7f",
                "sha256:a6e9d7eeada96c93a4d69cb03836b44fa34e2854accb7244a1ece36cd4781c3f"
            ],
            "index": "pypi",
            "markers": "python_version >= '3.10'",
            "version": "==0.136.1"
        },
        "h11": {
            "hashes": [
                "sha256:4e35b956cf45792e4caa5885e69fba00bdbc6ffafbfa020300e549b208ee5ff1",
                "sha256:63cf8bbe7522de3bf65932fda1d9c2772064ffb3dae62d55932da54b31cb6c86"
            ],
            "markers": "python_version >= '3.8'",
            "version": "==0.16.0"
        },
        "idna": {
            "hashes": [
                "sha256:585ea8fe5d69b9181ec1afba340451fba6ba764af97026f92a91d4eef164a242",
                "sha256:892ea0cde124a99ce773decba204c5552b69c3c67ffd5f232eb7696135bc8bb3"
            ],
            "markers": "python_version >= '3.8'",
            "version": "==3.13"
        },
        "pydantic": {
            "hashes": [
                "sha256:6db14ac8dfc9a1e57f87ea2c0de670c251240f43cb0c30a5130e9720dc612927",
                "sha256:af09e9d1d09f4e7fe37145c1f577e1d61ceb9a41924bf0094a36506285d0a84d"
            ],
            "index": "pypi",
            "markers": "python_version >= '3.9'",
            "version": "==2.13.3"
        },
        "pydantic-core": {
            "hashes": [
                "sha256:0087084960f209a9a4af50ecd1fb063d9ad3658c07bb81a7a53f452dacbfb2ba",
                "sha256:031bb17f4885a43773c8c763089499f242aee2ea85cf17154168775dccdecf35",
                "sha256:06d5d8820cbbdb4147578c1fe7ffcd5b83f34508cb9f9ab76e807be7db6ff0a4",
                "sha256:07bc6d2a28c3adb4f7c6ae46aa4f2d2929af127f587ed44057af50bf1ce0f505",
                "sha256:0c9ff69140423eea8ed2d5477df3ba037f671f5e897d206d921bc9fdc39613e7",
                "sha256:1105677a6df914b1fb71a81b96c8cce7726857e1717d86001f29be06a25ee6f8",
                "sha256:1108da631e602e5b3c38d6d04fe5bb3bfa54349e6918e3ca6cf570b2e2b2f9d4",
                "sha256:12bc98de041458b80c86c56b24df1d23832f3e166cbaff011f25d187f5c62c37",
                "sha256:13afdd885f3d71280cf286b13b310ee0f7ccfefd1dbbb661514a474b726e2f25",
                "sha256:17eaface65d9fc5abb940003020309c1bf7a211f5f608d7870297c367e6f9022",
                "sha256:1da3786b8018e60349680720158cc19161cc3b4bdd815beb0a321cd5ce1ad5b1",
                "sha256:23cbdb3aaa74dfe0837975dbf69b469753bbde8eacace524519ffdb6b6e89eb7",
                "sha256:2798b6ba041b9d70acfb9071a2ea13c8456dd1e6a5555798e41ba7b0790e329c",
                "sha256:27f9067c3bfadd04c55484b89c0d267981b2f3512850f6f66e1e74204a4e4ce3",
                "sha256:28b5f2ef03416facccb1c6ef744c69793175fd27e44ef15669201601cf423acb",
                "sha256:28e8cf2f52d72ced402a137145923a762cbb5081e48b34312f7a0c8f55928ec3",
                "sha256:28ed528c45446062ee66edb1d33df5d88828ae167de76e773a3c7f64bd14e976",
                "sha256:2b8e4f2bbdf71415c544b4b1138b8060db7b6611bc927e8064c769f64bed651c",
                "sha256:2f40e4246676beb31c5ce77c38a55ca4e465c6b38d11ea1bd935420568e0b1ab",
                "sha256:3481bd1341dc85779ee506bc8e1196a277ace359d89d28588a9468c3ecbe63fa",
                "sha256:3612edf65c8ea67ac13616c4d23af12faef1ae435a8a93e5934c2a0cbbdd1fd6",
                "sha256:367508faa4973b992b271ba1494acaab36eb7e8739d1e47be5035fb1ea225396",
                "sha256:3861f1731b90c50a3266316b9044f5c9b405eecb8e299b0a7120596334e4fe9c",
                "sha256:3d08782c4045f90724b44c95d35ebec0d67edb8a957a2ac81d5a8e4b8a200495",
                "sha256:41c178f65b8c29807239d47e6050262eb6bf84eb695e41101e62e38df4a5bc2c",
                "sha256:4335e87c7afa436a0dfa899e138d57a72f8aad542e2cf19c36fb428461caabd0",
                "sha256:4b068543bdb707f5d935dab765d99227aa2545ef2820935f2e5dd801795c7dbd",
                "sha256:4de88889d7e88d50d40ee5b39d5dac0bcaef9ba91f7e536ac064e6b2834ecccf",
                "sha256:4e9d76736da5f362fabfeea6a69b13b7f2be405c6d6966f06b2f6bfff7e64531",
                "sha256:57697d7c056aca4bbb680200f96563e841a6386ac1129370a0102592f4dddff5",
                "sha256:57a973eae4665352a47cf1a99b4ee864620f2fe663a217d7a8da68a1f3a5bfda",
                "sha256:5ad3c826fe523e4becf4fe39baa44286cff85ef137c729a2c5e269afbfd0905d",
                "sha256:5c024e08c0ba23e6fd68c771a521e9d6a792f2ebb0fa734296b36394dc30390e",
                "sha256:5dcbbcf4d22210ced8f837c96db941bdb078f419543472aca5d9a0bb7cddc7df",
                "sha256:5dfd51cf457482f04ec49491811a2b8fd5b843b64b11eecd2d7a1ee596ea78a6",
                "sha256:60e5f66e12c4f5212d08522963380eaaeac5ebd795826cfd19b2dfb0c7a52b9c",
                "sha256:610eda2e3838f401105e6326ca304f5da1e15393ae25dacae5c5c63f2c275b13",
                "sha256:6529d1d128321a58d30afcc97b49e98836542f68dd41b33c2e972bb9e5290536",
                "sha256:6645ce7eec4928e29a1e3b3d5c946621d105d3e79f0c9cddf07c2a9770949287",
                "sha256:68cc7866ed863db34351294187f9b729964c371ba33e31c26f478471c52e1ed0",
                "sha256:68ef2f623dda6d5a9067ac014e406c020c780b2a358930a7e5c1b73702900720",
                "sha256:69a868ef3ff206343579021c40faf3b1edc64b1cc508ff243a28b0a514ccb050",
                "sha256:6dff8cc884679df229ebc6d8eb2321ea6f8e091bc7d4886d4dc2e0e71452843c",
                "sha256:6e42d83d1c6b87fa56b521479cff237e626a292f3b31b6345c15a99121b454c1",
                "sha256:706d9d0ce9cf4593d07270d8e9f53b161f90c57d315aeec4fb4fd7a8b10240d8",
                "sha256:75a519dab6d63c514f3a81053e5266c549679e4aa88f6ec57f2b7b854aceb1b0",
                "sha256:77706aeb41df6a76568434701e0917da10692da28cb69d5fb6919ce5fdb07374",
                "sha256:79f561438481f28681584b89e2effb22855e2179880314bcddbf5968e935e807",
                "sha256:830d1247d77ad23852314f069e9d7ddafeec5f684baf9d7e7065ed46a049c4e6",
                "sha256:831eb19aa789a97356979e94c981e5667759301fb708d1c0d5adf1bc0098b873",
                "sha256:83d002b97072a53ea150d63e0a3adfae5670cef5aa8a6e490240e482d3b22e57",
                "sha256:85348b8f89d2c3508b65b16c3c33a4da22b8215138d8b996912bb1532868885f",
                "sha256:8690eba565c6d68ffd3a8655525cbdd5246510b44a637ee2c6c03a7ebfe64d3c",
                "sha256:87082cd65669a33adeba5470769e9704c7cf026cc30afb9cc77fd865578ebaad",
                "sha256:8940562319bc621da30714617e6a7eaa6b98c84e8c685bcdc02d7ed5e7c7c44e",
                "sha256:91249bcb7c165c2fb2a2f852dbc5c91636e2e218e75d96dfdd517e4078e173dd",
                "sha256:93fd339f23408a07e98950a89644f92c54d8729719a40b30c0a30bb9ebc55d23",
                "sha256:9715525891ed524a0a1eb6d053c74d4d4ad5017677fb00af0b7c2644a31bae46",
                "sha256:975c267cff4f7e7272eacbe50f6cc03ca9a3da4c4fbd66fffd89c94c1e311aa1",
                "sha256:99421e7684a60f7f3550a1d159ade5fdff1954baedb6bdd407cba6a307c9f27d",
                "sha256:9be3e221bdc6d69abf294dcf7aff6af19c31a5cdcc8f0aa3b14be29df4bd03b1",
                "sha256:9ce92e58abc722dac1bf835a6798a60b294e48eb0e625ec9fd994b932ac5feee",
                "sha256:9d2e32edcc143bc01e95300671915d9ca052d4f745aa0a49c48d4803f8a85f2c",
                "sha256:9d2f400712a99a013aff420ef1eb9be077f8189a36c1e3ef87660b4e1088a874",
                "sha256:9f247596366f4221af52beddd65af1218797771d6989bc891a0b86ccaa019168",
                "sha256:a03e6467f0f5ab796a486146d1b887b2dc5e5f9b3288898c1b1c3ad974e53e4a",
                "sha256:a35cc284c8dd7edae8a31533713b4d2467dfe7c4f1b5587dd4031f28f90d1d13",
                "sha256:a3b11c812f61b3129c4905781a2601dfdfdea5fe1e6c1cfb696b55d14e9c054f",
                "sha256:a642ac886ecf6402d9882d10c405dcf4b902abeb2972cd5fb4a48c83cd59279a",
                "sha256:a6cd87cb1575b1ad05ba98894c5b5c96411ef678fa2f6ed2576607095b8d9789",
                "sha256:a712c7118e6c5ea96562f7b488435172abb94a3c53c22c9efc1412264a45cbbe",
                "sha256:a7610b6a5242a6c736d8ad47fd5fff87fcfe8f833b281b1c409c3d6835d9227f",
                "sha256:ab124d49d0459b2373ecf54118a45c28a1e6d4192a533fbc915e70f556feb8e5",
                "sha256:ac5ec7fb9b87f04ee839af2d53bcadea57ded7d229719f56c0ed895bff987943",
                "sha256:aed19d0c783886d5bd86d80ae5030006b45e28464218747dcf83dabfdd092c7b",
                "sha256:af8653713055ea18a3abc1537fe2ebc42f5b0bbb768d1eb79fd74eb47c0ac089",
                "sha256:afa3aa644f74e290cdede48a7b0bee37d1c35e71b05105f6b340d484af536d9b",
                "sha256:b00b76f7142fc60c762ce579bd29c8fa44aaa56592dd3c54fab3928d0d4ca6ff",
                "sha256:b11b59b3eee90a80a36701ddb4576d9ae31f93f05cb9e277ceaa09e6bf074a67",
                "sha256:b12dd51f1187c2eb489af8e20f880362db98e954b54ab792fa5d92e8bcc6b803",
                "sha256:b40ddd51e7c44b28cfaef746c9d3c506d658885e0a46f9eeef2ee815cbf8e045",
                "sha256:b504bda01bafc69b6d3c7a0c7f039dcf60f47fab70e06fe23f57b5c75bdc82b8",
                "sha256:b5b9c6cf08a8a5e502698f5e153056d12c34b8fb30317e0c5fd06f45162a6346",
                "sha256:b675ab0a0d5b1c8fdb81195dc5bcefea3f3c240871cdd7ff9a2de8aa50772eb2",
                "sha256:b6cdf19bf84128d5e7c37e8a73a0c5c10d51103a650ac585d42dd6ae233f2b7f",
                "sha256:bcf2a8b2982a6673693eae7348ef3d8cf3979c1d63b54fca7c397a635cc68687",
                "sha256:bd2aab0e2e9dc2daf36bd2686c982535d5e7b1d930a1344a7bb6e82baab42a76",
                "sha256:c3212fda0ee959c1dd04c60b601ec31097aaa893573a3a1abd0a47bcac2968c1",
                "sha256:cc0988cb29d21bf4a9d5cf2ef970b5c0e38d8d8e107a493278c05dc6c1dda69f",
                "sha256:cc7e8c32db809aa0f6ea1d6869ebc8518a65d5150fdfad8bcae6a49ae32a22e2",
                "sha256:cca67d52a5c7a16aed2b3999e719c4bcf644074eac304a5d3d62dd70ae7d4b2c",
                "sha256:ced3310e51aa425f7f77da8bbbb5212616655bedbe82c70944320bc1dbe5e018",
                "sha256:cf489cf8986c543939aeee17a09c04d6ffb43bfef8ca16fcbcc5cfdcbed24dba",
                "sha256:d0793c90c1a3c74966e7975eaef3ed30ebdff3260a0f815a62a22adc17e4c01c",
                "sha256:d0fe3dce1e836e418f912c1ad91c73357d03e556a4d286f441bf34fed2dbeecf",
                "sha256:d11058e3201527d41bc6b545c79187c9e4bf85e15a236a6007f0e991518882b7",
                "sha256:d2d0aead851b66f5245ec0c4fb2612ef457f8bbafefdf65a2bf9d6bac6140f47",
                "sha256:d56bdb4af1767cc15b0386b3c581fdfe659bb9ee4a4f776e92c1cd9d074000d6",
                "sha256:dcda6583921c05a40533f982321532f2d8db29326c7b95c4026941fa5074bd79",
                "sha256:dd81f6907932ebac3abbe41378dac64b2380db1287e2aa64d8d88f78d170f51a",
                "sha256:de3a5c376f8cd94da9a1b8fd3dd1c16c7a7b216ed31dc8ce9fd7a22bf13b836e",
                "sha256:de885175515bcfa98ae618c1df7a072f13d179f81376c8007112af20567fd08a",
                "sha256:e29908922ce9da1a30b4da490bd1d3d82c01dcfdf864d2a74aacee674d0bfa34",
                "sha256:e480080975c1ef7f780b8f99ed72337e7cc5efea2e518a20a692e8e7b278eb8b",
                "sha256:e61ea8e9fff9606d09178f577ff8ccdd7206ff73d6552bcec18e1033c4254b85",
                "sha256:ec638c5d194ef8af27db69f16c954a09797c0dc25015ad6123eb2c73a4d271ca",
                "sha256:ed42e6cc8e1b0e2b9b96e2276bad70ae625d10d6d524aed0c93de974ae029f9f",
                "sha256:f00a0961b125f1a47af7bcc17f00782e12f4cd056f83416006b30111d941dfa3",
                "sha256:f13936129ce841f2a5ddf6f126fea3c43cd128807b5a59588c37cf10178c2e64",
                "sha256:f1771ce258afb3e4201e67d154edbbae712a76a6081079fe247c2f53c6322c22",
                "sha256:f1f8338dd7a7f31761f1f1a3c47503a9a3b34eea3c8b01fa6ee96408affb5e72",
                "sha256:f64b5537ac62b231572879cd08ec05600308636a5d63bcbdb15063a466977bec",
                "sha256:f80a55484b8d843c8ada81ebf70a682f3f00a3d40e378c06cf17ecb44d280d7d",
                "sha256:f91c0aff3e3ee0928edd1232c57f643a7a003e6edf1860bc3afcdc749cb513f3",
                "sha256:fa3eb7c2995aa443687a825bc30395c8521b7c6ec201966e55debfd1128bcceb",
                "sha256:fb528e295ed31570ac3dcc9bfdd6e0150bc11ce6168ac87a8082055cf1a67395",
                "sha256:fc331a5314ffddd5385b9ee9d0d2fee0b13c27e0e02dad71b1ae5d6561f51eeb",
                "sha256:fd35aa21299def8db7ef4fe5c4ff862941a9a158ca7b63d61e66fe67d30416b4",
                "sha256:ff5e7783bcc5476e1db448bf268f11cb257b1c276d3e89f00b5727be86dd0127",
                "sha256:ffe0883b56cfc05798bf994164d2b2ff03efe2d22022a2bb080f3b626176dd56"
            ],
            "markers": "python_version >= '3.9'",
            "version": "==2.46.3"
        },
        "pymongo": {
            "hashes": [
                "sha256:0ff6bd2f735ab5356541e3e57d5b7dbfbc3f2ee1ccb10b6b0f82d58af69d1d8e",
                "sha256:1175563375d682260f613a96fb7a53dce746ed752bfd924eab61de3bc5bfde34",
                "sha256:1195370a77baf003b59b10e91ecc4706297197f0dd9d29c840cc556dc08f7cee",
                "sha256:12c4fded3a9f1d6a687e36ebd384ac6d00b9b00de1969aa74048e7051ec2a713",
                "sha256:15d3f3d732aecac1f8d481bde4029755615639bd3076f258a2147210aec8515a",
                "sha256:20323b0b1c1d33770ad1fc68d429c757734ce9ad3594421c3d6618f10572b1b9",
                "sha256:2a0d5ac205728c86e0a02192f1aa5f865b0d7d51f8df6101c01a69a7fc620d72",
                "sha256:2db66aa8dd253a0fc1fad3b0d23d5b3993f7ebde02fbbd7727128debf2853675",
                "sha256:2e190827834fce70ecdf9d46796c6dbc0ce08ea87dc2ff5bc6f3f5579b605cb9",
                "sha256:320b34457b20bbcc79997801f95d25ce00472915ca5241167242b42c4359e027",
                "sha256:3689ea34f6b647c7d1e7bdc60fcfb214b2789ed1359a7fb96569c69f50e5f18f",
                "sha256:37a8385c29881b43eab31f584100fa0eaddedd5607adf010147ba1810118be90",
                "sha256:3987e96e7c7be4083d42e8ac2cc6c0d5b78db9973c90fce42ae800b616ca6b20",
                "sha256:4141e6c6a339789b2974efa00ecd9409101672d77a0e3ee2cc3839eedf8ec4df",
                "sha256:422fa50d7d7f5c22ea0953554396c9ef95684a2d775f860bd75a7b510538dfca",
                "sha256:47b021363cd923ace5edc7a1d63c0ff8a6d9d43859b8a1ba23645f5afae63221",
                "sha256:485c8a8eaa4c739f00a331fc73757898ee7c092c214a79e63866ff76aaf282ff",
                "sha256:48bbc576677b50af043df870d84ded67cc3a9b4aa7553201beef4da5dc050a0a",
                "sha256:4ae22fafca69dd3c78261969e999782ac5fc23b76cf8cccfbc3707982a74cc3d",
                "sha256:50e8f8e23c6df7c6d6929f5e734980b227706e73ee847517c9ba5af90f7fc466",
                "sha256:51e1915761f65f2aaabd0ba691a31d56551d3f19d1263c2d6bf261730603de5f",
                "sha256:5376ad67bb30ae910d83affcf997f706d9dee37e8b5dad8b6fedb0626e262d85",
                "sha256:5960519b4d7168f1ecdd3ea10c81b2aedeb9423651aca953cfbc8e76705d3b38",
                "sha256:5a5de048e6da5c18e27cc2437e8c15b3b0cdc8385c15b41178b0caa3322a09c2",
                "sha256:5ab3b8ff79e0dfc49b68f3c925e8cc735ea95c60efaed84cfe75692dffcaac2a",
                "sha256:64837adbbd72073301af51bb0fc80e3d7707fe5527cea1033ba0320f0b2f881b",
                "sha256:6877214bff5f06f6884a9fc8d9016a4a7a5f51f537f5c51ac3a576f93e7dfb32",
                "sha256:68fca71e05ee5da23a8d73cee8379dfb3d26e609a377cae731d742771ed96946",
                "sha256:6c5f62862d0f87be481fa1fe8cb811994486773c94a2b61e509285e3f2890763",
                "sha256:6fe0de9d0f6791abce3471230b32b4817bf89d27b1182b6a550e1ec0fa72aa9a",
                "sha256:70ffa08ba641468cc068cf46c06b34f01a8ce3489f6411309fcb5ceabe6b2fc0",
                "sha256:757f2a4c0c2c46cab87df0333681ce69e86c9d5b45bc5203ceba5410b3489e59",
                "sha256:75bc3aa5b94fdb7138d357ec6ca61cd97e0c79f4f7f0bd3efe9639b15cc50942",
                "sha256:77aa4bc164b4de60d5db193b322f0f5b6ead716e831031bfdef8e8bd92205556",
                "sha256:7db10678814cdf7ea39fd308c6f41395cfa7b29d904bcd7895288963d8f892ba",
                "sha256:809ec74de3b9148ae43fa8df9faf53470f511c8d384f13b99d6f671f2a379f15",
                "sha256:8446ff4bfcb6ec2a2e50998c860986a1e992136f998b7f53e7a717fb8aa5a0b9",
                "sha256:8a1be016198a03fd7727cdd55998964bfa4e5a6fd9733c8e95830628cef34d29",
                "sha256:8e97e03fa13327c87e3fdc5656acd01e71817f0c1dc3221cd8f30de136bf4ec3",
                "sha256:93641192644fa1ee0f34030e774fd31022a27ad11ba22cb1716142231524f8bd",
                "sha256:9543d8f84c2e5608565c08ac679774811e6730770d8a645439b073422a4276fb",
                "sha256:9828485f72f63c7d802e0ec41f71906f633c2692621ab3af55ca990186b091b1",
                "sha256:9eb5d63a3c518cb0804ed678f5e2b875af032d89a7cf57a57360322cf6a4d222",
                "sha256:a431b737816bf4cddd4fa0fcef04e424ad36b7692734a64150f872fb8f3208be",
                "sha256:a8f9c40a09bb7d4b9fc8b1da65ecf6efa79bda5cb2756f39d9b6940fac1d19ae",
                "sha256:addd0498ebbdc6354227f6ed457ed9fce442d48a3bb30d5b5bad33e104996561",
                "sha256:b24598dc3c2feccbc83b43044be48145a0dc4f9bee49ef923e3d707d54a55d85",
                "sha256:b2dfcc795f5b9fedbe179a11fdf6051581479d196582a3fe819a92a00e9b9969",
                "sha256:b4384700cffc3f1dd98e088bc0072dedf6d7d68a230bb4b972665cf69c071c1e",
                "sha256:b93b22eedc62598cf5ee9d8c8007a8e9121c50fd88137012d8985500e9dc3151",
                "sha256:ba2195d4f386f839a52a23ea1cfd60ffaaba78a3d7841db51b7e433001139918",
                "sha256:bb3ebc86782049f6928dcc583008287cb1c17d463501c94a620f035f5b4fd463",
                "sha256:bd835cdb37a1adec359dd072c24f8bb14809e2644fde86fab4ee2fc9719b9483",
                "sha256:c2292144505fb12156b981bd440f3dc994a883da06ac726c0c8692ccdbc1c510",
                "sha256:c4979e7e8887862bbb44d203f00cc8263a3f27237876fa691b6beba23e40e6d8",
                "sha256:c5c8e180cb2cabe37300e1e36c60aa4f2ff956cc579f0142135a5d2cba252243",
                "sha256:c797f8a80957134f6dd9690367a0f8f5906d672119af2c6aa55f0c527b656bed",
                "sha256:c9786665926a09630c5d420c79762cfadbff35a9438bcbc4c81a9fb5ab9228b7",
                "sha256:cee36b3c0d0354f880fa7a7fdcdaf2bb5e542c2281e25c1bfadf8cfe21eba7d2",
                "sha256:d53ffa94b2340dbf6b055e09a0090618c60482c158ecfc9565642fc996bf0944",
                "sha256:df4a644af9ae132d4bfdb2e9516ea51a615fd881caddfbfbd071cf1354844479",
                "sha256:dff3de1294fbbc1db0ba6b511f77b8e540601d092538a31312e99c8a91a78b1e",
                "sha256:e46767f28dea610e02edf6c5d956ce615c3c7790ea396660b9b1efd5c5ead2e0",
                "sha256:e4fab10f8403169ce92f3cea921609d9ee81107306caae06c08f592d4b8ad2b5",
                "sha256:e537e95514dae1aaa718f481ec03151a0f0394bcd05f1322896d8fc1330cb729",
                "sha256:e68c76b84e0c132d9dbf9307f12ff8185702328187a87b9aca8c941303873433",
                "sha256:e816db649ba5d7de0568cf3a9f287a9dc9aad21cf0ca667ab156a7ef47fca0b0",
                "sha256:f09645e0ce4e3825fa0baa8254064a716ed0be33f78feeedd4731016cb8aaa17",
                "sha256:f3ee3d241ed77a4fc99ce3cff3b289c3ebce37f61fdd7349d3592c23b82c8784",
                "sha256:faf03e4c2aafd6de626dbd30ba246d369ae33f47f10629d1bbe40f72115027a6",
                "sha256:ff5aa3f1c7e3f08eb0e7a016c91ba468b1850ccfd63d9b1f12f56350f4974cef"
            ],
            "index": "pypi",
            "markers": "python_version >= '3.9'",
            "version": "==4.17.0"
        },
        "starlette": {
            "hashes": [
                "sha256:6a4beaf1f81bb472fd19ea9b918b50dc3a77a6f2e190a12954b25e6ed5eea149",
                "sha256:d3ec55e0bb321692d275455ddfd3df75fff145d009685eb40dc91fc66b03d38b"
            ],
            "markers": "python_version >= '3.10'",
            "version": "==1.0.0"
        },
        "typing-extensions": {
            "hashes": [
                "sha256:0cea48d173cc12fa28ecabc3b837ea3cf6f38c6d1136f85cbaaf598984861466",
                "sha256:f0fa19c6845758ab08074a0cfa8b7aecb71c999ca73d62883bc25cc018c4e548"
            ],
            "markers": "python_version >= '3.9'",
            "version": "==4.15.0"
        },
        "typing-inspection": {
            "hashes": [
                "sha256:4ed1cacbdc298c220f1bd249ed5287caa16f34d44ef4e9c3d0cbad5b521545e7",
                "sha256:ba561c48a67c5958007083d386c3295464928b01faa735ab8547c5692e87f464"
            ],
            "markers": "python_version >= '3.9'",
            "version": "==0.4.2"
        },
        "uvicorn": {
            "hashes": [
                "sha256:bbebbcbed972d162afca128605223022bedd345b7bc7855ce66deb31487a9048",
                "sha256:fb9da0926999cc6cb22dc7cd71a94a632f078e6ae47ff683c5c420750fb7413d"
            ],
            "index": "pypi",
            "markers": "python_version >= '3.10'",
            "version": "==0.46.0"
        }
    },
    "develop": {
        "coverage": {
            "extras": [
                "toml"
            ],
            "hashes": [
                "sha256:012d5319e66e9d5a218834642d6c35d265515a62f01157a45bcc036ecf947256",
                "sha256:02ca0eed225b2ff301c474aeeeae27d26e2537942aa0f87491d3e147e784a82b",
                "sha256:03ccc709a17a1de074fb1d11f217342fb0d2b1582ed544f554fc9fc3f07e95f5",
                "sha256:0428cbef5783ad91fe240f673cc1f76b25e74bbfe1a13115e4aa30d3f538162d",
                "sha256:04690832cbea4e4663d9149e05dba142546ca05cb1848816760e7f58285c970a",
                "sha256:0590e44dd2745c696a778f7bab6aa95256de2cbc8b8cff4f7db8ff09813d6969",
                "sha256:0672854dc733c342fa3e957e0605256d2bf5934feeac328da9e0b5449634a642",
                "sha256:084b84a8c63e8d6fc7e3931b316a9bcafca1458d753c539db82d31ed20091a87",
                "sha256:0b67af5492adb31940ee418a5a655c28e48165da5afab8c7fa6fd72a142f8740",
                "sha256:0cd9ed7a8b181775459296e402ca4fb27db1279740a24e93b3b41942ebe4b215",
                "sha256:0cef0cdec915d11254a7f549c1170afecce708d30610c6abdded1f74e581666d",
                "sha256:0e223ce4b4ed47f065bfb123687686512e37629be25cc63728557ae7db261422",
                "sha256:0e3c426ffc4cd952f54ee9ffbdd10345709ecc78a3ecfd796a57236bfad0b9b8",
                "sha256:0ecf12ecb326fe2c339d93fc131816f3a7367d223db37817208905c89bded911",
                "sha256:10a0c37f0b646eaff7cce1874c31d1f1ccb297688d4c747291f4f4c70741cc8b",
                "sha256:145ede53ccbafb297c1c9287f788d1bc3efd6c900da23bf6931b09eafc931587",
                "sha256:1b11eef33edeae9d142f9b4358edb76273b3bfd30bc3df9a4f95d0e49caf94e8",
                "sha256:1b88c69c8ef5d4b6fe7dea66d6636056a0f6a7527c440e890cf9259011f5e606",
                "sha256:258354455f4e86e3e9d0d17571d522e13b4e1e19bf0f8596bcf9476d61e7d8a9",
                "sha256:259b69bb83ad9894c4b25be2528139eecba9a82646ebdda2d9db1ba28424a6bf",
                "sha256:2aa055ae1857258f9e0045be26a6d62bdb47a72448b62d7b55f4820f361a2633",
                "sha256:2d3807015f138ffea1ed9afeeb8624fd781703f2858b62a8dd8da5a0994c57b6",
                "sha256:301e3b7dfefecaca37c9f1aa6f0049b7d4ab8dd933742b607765d757aca77d43",
                "sha256:32ca0c0114c9834a43f045a87dcebd69d108d8ffb666957ea65aa132f50332e2",
                "sha256:34b02417cf070e173989b3db962f7ed56d2f644307b2cf9d5a0f258e13084a61",
                "sha256:356e76b46783a98c2a2fe81ec79df4883a1e62895ea952968fb253c114e7f930",
                "sha256:35a31f2b1578185fbe6aa2e74cea1b1d0bbf4c552774247d9160d29b80ed56cc",
                "sha256:380e8e9084d8eb38db3a9176a1a4f3c0082c3806fa0dc882d1d87abc3c789247",
                "sha256:3ad050321264c49c2fa67bb599100456fc51d004b82534f379d16445da40fb75",
                "sha256:3e1bb5f6c78feeb1be3475789b14a0f0a5b47d505bfc7267126ccbd50289999e",
                "sha256:3f4818d065964db3c1c66dc0fbdac5ac692ecbc875555e13374fdbe7eedb4376",
                "sha256:460cf0114c5016fa841214ff5564aa4864f11948da9440bc97e21ad1f4ba1e01",
                "sha256:48c39bc4a04d983a54a705a6389512883d4a3b9862991b3617d547940e9f52b1",
                "sha256:4b59148601efcd2bac8c4dbf1f0ad6391693ccf7a74b8205781751637076aee3",
                "sha256:4d2afbc5cc54d286bfb54541aa50b64cdb07a718227168c87b9e2fb8f25e1743",
                "sha256:505d7083c8b0c87a8fa8c07370c285847c1f77739b22e299ad75a6af6c32c5c9",
                "sha256:52f444e86475992506b32d4e5ca55c24fc88d73bcbda0e9745095b28ef4dc0cf",
                "sha256:5b13955d31d1633cf9376908089b7cebe7d15ddad7aeaabcbe969a595a97e95e",
                "sha256:5ec4af212df513e399cf11610cc27063f1586419e814755ab362e50a85ea69c1",
                "sha256:60365289c3741e4db327e7baff2a4aaacf22f788e80fa4683393891b70a89fbd",
                "sha256:631efb83f01569670a5e866ceb80fe483e7c159fac6f167e6571522636104a0b",
                "sha256:6697e29b93707167687543480a40f0db8f356e86d9f67ddf2e37e2dfd91a9dab",
                "sha256:66a80c616f80181f4d643b0f9e709d97bcea413ecd9631e1dedc7401c8e6695d",
                "sha256:67e9bc5449801fad0e5dff329499fb090ba4c5800b86805c80617b4e29809b2a",
                "sha256:68a4953be99b17ac3c23b6efbc8a38330d99680c9458927491d18700ef23ded0",
                "sha256:6c36ddb64ed9d7e496028d1d00dfec3e428e0aabf4006583bb1839958d280510",
                "sha256:6e3370441f4513c6252bf042b9c36d22491142385049243253c7e48398a15a9f",
                "sha256:7034b5c56a58ae5e85f23949d52c14aca2cfc6848a31764995b7de88f13a1ea0",
                "sha256:704de6328e3d612a8f6c07000a878ff38181ec3263d5a11da1db294fa6a9bdf8",
                "sha256:7132bed4bd7b836200c591410ae7d97bf7ae8be6fc87d160b2bd881df929e7bf",
                "sha256:7300c8a6d13335b29bb76d7651c66af6bd8658517c43499f110ddc6717bfc209",
                "sha256:750db93a81e3e5a9831b534be7b1229df848b2e125a604fe6651e48aa070e5f9",
                "sha256:777c4d1eff1b67876139d24288aaf1817f6c03d6bae9c5cc8d27b83bcfe38fe3",
                "sha256:78e696e1cc714e57e8b25760b33a8b1026b7048d270140d25dafe1b0a1ee05a3",
                "sha256:79060214983769c7ba3f0cee10b54c97609dca4d478fa1aa32b914480fd5738d",
                "sha256:7c8d4bc913dd70b93488d6c496c77f3aff5ea99a07e36a18f865bca55adef8bd",
                "sha256:7f2c47b36fe7709a6e83bfadf4eefb90bd25fbe4014d715224c4316f808e59a2",
                "sha256:800bc829053c80d240a687ceeb927a94fd108bbdc68dfbe505d0d75ab578a882",
                "sha256:843ea8643cf967d1ac7e8ecd4bb00c99135adf4816c0c0593fdcc47b597fcf09",
                "sha256:8769751c10f339021e2638cd354e13adeac54004d1941119b2c96fe5276d45ea",
                "sha256:8dd02af98971bdb956363e4827d34425cb3df19ee550ef92855b0acb9c7ce51c",
                "sha256:8fdf453a942c3e4d99bd80088141c4c6960bb232c409d9c3558e2dbaa3998562",
                "sha256:941617e518602e2d64942c88ec8499f7fbd49d3f6c4327d3a71d43a1973032f3",
                "sha256:972a9cd27894afe4bc2b1480107054e062df08e671df7c2f18c205e805ccd806",
                "sha256:9adb6688e3b53adffefd4a52d72cbd8b02602bfb8f74dcd862337182fd4d1a4e",
                "sha256:9b74db26dfea4f4e50d48a4602207cd1e78be33182bc9cbf22da94f332f99878",
                "sha256:9bb2a28101a443669a423b665939381084412b81c3f8c0fcfbac57f4e30b5b8e",
                "sha256:9d44d7aa963820b1b971dbecd90bfe5fe8f81cff79787eb6cca15750bd2f79b9",
                "sha256:9dacc2ad679b292709e0f5fc1ac74a6d4d5562e424058962c7bb0c658ad25e45",
                "sha256:9ddb4f4a5479f2539644be484da179b653273bca1a323947d48ab107b3ed1f29",
                "sha256:a1a6d79a14e1ec1832cabc833898636ad5f3754a678ef8bb4908515208bf84f4",
                "sha256:a698e363641b98843c517817db75373c83254781426e94ada3197cabbc2c919c",
                "sha256:ad14385487393e386e2ea988b09d62dd42c397662ac2dabc3832d71253eee479",
                "sha256:ad146744ca4fd09b50c482650e3c1b1f4dfa1d4792e0a04a369c7f23336f0400",
                "sha256:b5db73ba3c41c7008037fa731ad5459fc3944cb7452fc0aa9f822ad3533c583c",
                "sha256:bd3a2fbc1c6cccb3c5106140d87cc6a8715110373ef42b63cf5aea29df8c217a",
                "sha256:bdba0a6b8812e8c7df002d908a9a2ea3c36e92611b5708633c50869e6d922fdf",
                "sha256:be3d4bbad9d4b037791794ddeedd7d64a56f5933a2c1373e18e9e568b9141686",
                "sha256:bf69236a9a81bdca3bff53796237aab096cdbf8d78a66ad61e992d9dac7eb2de",
                "sha256:bff95879c33ec8da99fc9b6fe345ddb5be6414b41d6d1ad1c8f188d26f36e028",
                "sha256:c555b48be1853fe3997c11c4bd521cdd9a9612352de01fa4508f16ec341e6fe0",
                "sha256:c81f6515c4c40141f83f502b07bbfa5c240ba25bbe73da7b33f1e5b6120ff179",
                "sha256:c9136ff29c3a91e25b1d1552b5308e53a1e0653a23e53b6366d7c2dcbbaf8a16",
                "sha256:ce1998c0483007608c8382f4ff50164bfc5bd07a2246dd272aa4043b75e61e85",
                "sha256:cec2d83125531bd153175354055cdb7a09987af08a9430bd173c937c6d0fba2a",
                "sha256:cff784eef7f0b8f6cb28804fbddcfa99f89efe4cc35fb5627e3ac58f91ed3ac0",
                "sha256:d2c87e0c473a10bffe991502eac389220533024c8082ec1ce849f4218dded810",
                "sha256:d7cfad2d6d81dd298ab6b89fe72c3b7b05ec7544bdda3b707ddaecff8d25c161",
                "sha256:d8a7a2049c14f413163e2bdabd37e41179b1d1ccb10ffc6ccc4b7a718429c607",
                "sha256:da305e9937617ee95c2e39d8ff9f040e0487cbf1ac174f777ed5eddd7a7c1f26",
                "sha256:da86cdcf10d2519e10cabb8ac2de03da1bcb6e4853790b7fbd48523332e3a819",
                "sha256:dc022073d063b25a402454e5712ef9e007113e3a676b96c5f29b2bda29352f40",
                "sha256:e0723d2c96324561b9aa76fb982406e11d93cdb388a7a7da2b16e04719cf7ca5",
                "sha256:e092b9499de38ae0fbfbc603a74660eb6ff3e869e507b50d85a13b6db9863e15",
                "sha256:e0b216a19534b2427cc201a26c25da4a48633f29a487c61258643e89d28200c0",
                "sha256:e1c85e0b6c05c592ea6d8768a66a254bfb3874b53774b12d4c89c481eb78cb90",
                "sha256:e301d30dd7e95ae068671d746ba8c34e945a82682e62918e41b2679acd2051a0",
                "sha256:e808af52a0513762df4d945ea164a24b37f2f518cbe97e03deaa0ee66139b4d6",
                "sha256:eb07647a5738b89baab047f14edd18ded523de60f3b30e75c2acc826f79c839a",
                "sha256:eb7fdf1ef130660e7415e0253a01a7d5a88c9c4d158bcf75cbbd922fd65a5b58",
                "sha256:ec10e2a42b41c923c2209b846126c6582db5e43a33157e9870ba9fb70dc7854b",
                "sha256:ee2aa19e03161671ec964004fb74b2257805d9710bf14a5c704558b9d8dbaf17",
                "sha256:f08fd75c50a760c7eb068ae823777268daaf16a80b918fa58eea888f8e3919f5",
                "sha256:f4cd16206ad171cbc2470dbea9103cf9a7607d5fe8c242fdf1edf36174020664",
                "sha256:f70c9ab2595c56f81a89620e22899eea8b212a4041bd728ac6f4a28bf5d3ddd0",
                "sha256:fbabfaceaeb587e16f7008f7795cd80d20ec548dc7f94fbb0d4ec2e038ce563f"
            ],
            "markers": "python_version >= '3.10'",
            "version": "==7.13.5"
        },
        "exceptiongroup": {
            "hashes": [
                "sha256:8b412432c6055b0b7d14c310000ae93352ed6754f70fa8f7c34141f91c4e3219",
                "sha256:a7a39a3bd276781e98394987d3a5701d0c4edffb633bb7a5144577f82c773598"
            ],
            "markers": "python_version >= '3.7'",
            "version": "==1.3.1"
        },
        "iniconfig": {
            "hashes": [
                "sha256:c76315c77db068650d49c5b56314774a7804df16fee4402c1f19d6d15d8c4730",
                "sha256:f631c04d2c48c52b84d0d0549c99ff3859c98df65b3101406327ecc7d53fbf12"
            ],
            "markers": "python_version >= '3.10'",
            "version": "==2.3.0"
        },
        "packaging": {
            "hashes": [
                "sha256:5fc45236b9446107ff2415ce77c807cee2862cb6fac22b8a73826d0693b0980e",
                "sha256:ff452ff5a3e828ce110190feff1178bb1f2ea2281fa2075aadb987c2fb221661"
            ],
            "markers": "python_version >= '3.8'",
            "version": "==26.2"
        },
        "pluggy": {
            "hashes": [
                "sha256:7dcc130b76258d33b90f61b658791dede3486c3e6bfb003ee5c9bfb396dd22f3",
                "sha256:e920276dd6813095e9377c0bc5566d94c932c33b27a3e3945d8389c374dd4746"
            ],
            "markers": "python_version >= '3.9'",
            "version": "==1.6.0"
        },
        "pygments": {
            "hashes": [
                "sha256:6757cd03768053ff99f3039c1a36d6c0aa0b263438fcab17520b30a303a82b5f",
                "sha256:81a9e26dd42fd28a23a2d169d86d7ac03b46e2f8b59ed4698fb4785f946d0176"
            ],
            "markers": "python_version >= '3.9'",
            "version": "==2.20.0"
        },
        "pytest": {
            "hashes": [
                "sha256:2c5efc453d45394fdd706ade797c0a81091eccd1d6e4bccfcd476e2b8e0ab5d9",
                "sha256:b86ada508af81d19edeb213c681b1d48246c1a91d304c6c81a427674c17eb91c"
            ],
            "index": "pypi",
            "markers": "python_version >= '3.10'",
            "version": "==9.0.3"
        },
        "pytest-cov": {
            "hashes": [
                "sha256:30674f2b5f6351aa09702a9c8c364f6a01c27aae0c1366ae8016160d1efc56b2",
                "sha256:a0461110b7865f9a271aa1b51e516c9a95de9d696734a2f71e3e78f46e1d4678"
            ],
            "index": "pypi",
            "markers": "python_version >= '3.9'",
            "version": "==7.1.0"
        },
        "tomli": {
            "hashes": [
                "sha256:01f520d4f53ef97964a240a035ec2a869fe1a37dde002b57ebc4417a27ccd853",
                "sha256:0d85819802132122da43cb86656f8d1f8c6587d54ae7dcaf30e90533028b49fe",
                "sha256:136443dbd7e1dee43c68ac2694fde36b2849865fa258d39bf822c10e8068eac5",
                "sha256:1d8591993e228b0c930c4bb0db464bdad97b3289fb981255d6c9a41aedc84b2d",
                "sha256:2190f2e9dd7508d2a90ded5ed369255980a1bcdd58e52f7fe24b8162bf9fedbd",
                "sha256:2c1c351919aca02858f740c6d33adea0c5deea37f9ecca1cc1ef9e884a619d26",
                "sha256:36d2bd2ad5fb9eaddba5226aa02c8ec3fa4f192631e347b3ed28186d43be6b54",
                "sha256:3d48a93ee1c9b79c04bb38772ee1b64dcf18ff43085896ea460ca8dec96f35f6",
                "sha256:47149d5bd38761ac8be13a84864bf0b7b70bc051806bc3669ab1cbc56216b23c",
                "sha256:4ab97e64ccda8756376892c53a72bd1f964e519c77236368527f758fbc36a53a",
                "sha256:4b605484e43cdc43f0954ddae319fb75f04cc10dd80d830540060ee7cd0243cd",
                "sha256:504aa796fe0569bb43171066009ead363de03675276d2d121ac1a4572397870f",
                "sha256:51529d40e3ca50046d7606fa99ce3956a617f9b36380da3b7f0dd3dd28e68cb5",
                "sha256:52c8ef851d9a240f11a88c003eacb03c31fc1c9c4ec64a99a0f922b93874fda9",
                "sha256:559db847dc486944896521f68d8190be1c9e719fced785720d2216fe7022b662",
                "sha256:5a881ab208c0baf688221f8cecc5401bd291d67e38a1ac884d6736cbcd8247e9",
                "sha256:5cb41aa38891e073ee49d55fbc7839cfdb2bc0e600add13874d048c94aadddd1",
                "sha256:5e262d41726bc187e69af7825504c933b6794dc3fbd5945e41a79bb14c31f585",
                "sha256:5ee18d9ebdb417e384b58fe414e8d6af9f4e7a0ae761519fb50f721de398dd4e",
                "sha256:7008df2e7655c495dd12d2a4ad038ff878d4ca4b81fccaf82b714e07eae4402c",
                "sha256:734e20b57ba95624ecf1841e72b53f6e186355e216e5412de414e3c51e5e3c41",
                "sha256:7c7e1a961a0b2f2472c1ac5b69affa0ae1132c39adcb67aba98568702b9cc23f",
                "sha256:7f86fd587c4ed9dd76f318225e7d9b29cfc5a9d43de44e5754db8d1128487085",
                "sha256:7f94b27a62cfad8496c8d2513e1a222dd446f095fca8987fceef261225538a15",
                "sha256:88dceee75c2c63af144e456745e10101eb67361050196b0b6af5d717254dddf7",
                "sha256:8a650c2dbafa08d42e51ba0b62740dae4ecb9338eefa093aa5c78ceb546fcd5c",
                "sha256:8d65a2fbf9d2f8352685bc1364177ee3923d6baf5e7f43ea4959d7d8bc326a36",
                "sha256:96481a5786729fd470164b47cdb3e0e58062a496f455ee41b4403be77cb5a076",
                "sha256:a120733b01c45e9a0c34aeef92bf0cf1d56cfe81ed9d47d562f9ed591a9828ac",
                "sha256:b1d22e6e9387bf4739fbe23bfa80e93f6b0373a7f1b96c6227c32bef95a4d7a8",
                "sha256:b8c198f8c1805dc42708689ed6864951fd2494f924149d3e4bce7710f8eb5232",
                "sha256:c2541745709bad0264b7d4705ad453b76ccd191e64aa6f0fc66b69a293a45ece",
                "sha256:c742f741d58a28940ce01d58f0ab2ea3ced8b12402f162f4d534dfe18ba1cd6a",
                "sha256:c7f2c7f2b9ca6bdeef8f0fa897f8e05085923eb091721675170254cbc5b02897",
                "sha256:d312ef37c91508b0ab2cee7da26ec0b3ed2f03ce12bd87a588d771ae15dcf82d",
                "sha256:d4d8fe59808a54658fcc0160ecfb1b30f9089906c50b23bcb4c69eddc19ec2b4",
                "sha256:da25dc3563bff5965356133435b757a795a17b17d01dbc0f42fb32447ddfd917",
                "sha256:eab21f45c7f66c13f2a9e0e1535309cee140182a9cdae1e041d02e47291e8396",
                "sha256:eb0dc4e38e6a1fd579e5d50369aa2e10acfc9cace504579b2faabb478e76941a",
                "sha256:ec9bfaf3ad2df51ace80688143a6a4ebc09a248f6ff781a9945e51937008fcbc",
                "sha256:ede3e6487c5ef5d28634ba3f31f989030ad6af71edfb0055cbbd14189ff240ba",
                "sha256:f3c6818a1a86dd6dca7ddcaaf76947d5ba31aecc28cb1b67009a5877c9a64f3f",
                "sha256:f758f1b9299d059cc3f6546ae2af89670cb1c4d48ea29c3cacc4fe7de3058257",
                "sha256:f8f0fc26ec2cc2b965b7a3b87cd19c5c6b8c5e5f436b984e85f486d652285c30",
                "sha256:fd0409a3653af6c147209d267a0e4243f0ae46b011aa978b1080359fddc9b6cf",
                "sha256:ff18e6a727ee0ab0388507b89d1bc6a22b138d1e2fa56d1ad494586d61d2eae9",
                "sha256:ff2983983d34813c1aeb0fa89091e76c3a22889ee83ab27c5eeb45100560c049"
            ],
            "markers": "python_version >= '3.8'",
            "version": "==2.4.1"
        },
        "typing-extensions": {
            "hashes": [
                "sha256:0cea48d173cc12fa28ecabc3b837ea3cf6f38c6d1136f85cbaaf598984861466",
                "sha256:f0fa19c6845758ab08074a0cfa8b7aecb71c999ca73d62883bc25cc018c4e548"
            ],
            "markers": "python_version >= '3.9'",
            "version": "==4.15.0"
        }
    }
}
