{
    "_meta": {
        "hash": {
            "sha256": "9cbb1bf272d8d8d774d1942f59d0125354683a40f989fa90614f9687198b7a3e"
        },
        "pipfile-spec": 6,
        "requires": {
            "python_version": "3"
        },
        "sources": [
            {
                "name": "pypi",
                "url": "https://pypi.org/simple",
                "verify_ssl": true
            }
        ]
    },
    "default": {
        "blinker": {
            "hashes": [
                "sha256:b4ce2265a7abece45e7cc896e98dbebe6cead56bcf805a3d23136d145f5445bf",
                "sha256:ba0efaa9080b619ff2f3459d1d500c57bddea4a6b424b60a91141db6fd2f08bc"
            ],
            "markers": "python_version >= '3.9'",
            "version": "==1.9.0"
        },
        "click": {
            "hashes": [
                "sha256:398329ad4837b2ff7cbe1dd166a4c0f8900c3ca3a218de04466f38f6497f18a2",
                "sha256:a2bf429bb3033c89fa4936ffb35d5cb471e3719e1f3c8a7c3fff0b8314305613"
            ],
            "markers": "python_version >= '3.10'",
            "version": "==8.3.3"
        },
        "colorama": {
            "hashes": [
                "sha256:08695f5cb7ed6e0531a20572697297273c47b8cae5a63ffc6d6ed5c201be6e44",
                "sha256:4f1d9991f5acc0ca119f9d443620b77f9d6b33703e51011c16baf57afb285fc6"
            ],
            "markers": "python_version >= '2.7' and python_version not in '3.0, 3.1, 3.2, 3.3, 3.4, 3.5, 3.6'",
            "version": "==0.4.6"
        },
        "dnspython": {
            "hashes": [
                "sha256:01d9bbc4a2d76bf0db7c1f729812ded6d912bd318d3b1cf81d30c0f845dbf3af",
                "sha256:181d3c6996452cb1189c4046c61599b84a5a86e099562ffde77d26984ff26d0f"
            ],
            "markers": "python_version >= '3.10'",
            "version": "==2.8.0"
        },
        "dotenv": {
            "hashes": [
                "sha256:29cf74a087b31dafdb5a446b6d7e11cbce8ed2741540e2339c69fbef92c94ce9"
            ],
            "index": "pypi",
            "version": "==0.9.9"
        },
        "flask": {
            "hashes": [
                "sha256:0ef0e52b8a9cd932855379197dd8f94047b359ca0a78695144304cb45f87c9eb",
                "sha256:f4bcbefc124291925f1a26446da31a5178f9483862233b23c0c96a20701f670c"
            ],
            "index": "pypi",
            "markers": "python_version >= '3.9'",
            "version": "==3.1.3"
        },
        "itsdangerous": {
            "hashes": [
                "sha256:c6242fc49e35958c8b15141343aa660db5fc54d4f13a1db01a3f5891b98700ef",
                "sha256:e0050c0b7da1eea53ffaf149c0cfbb5c6e2e2b69c4bef22c81fa6eb73e5f6173"
            ],
            "markers": "python_version >= '3.8'",
            "version": "==2.2.0"
        },
        "jinja2": {
            "hashes": [
                "sha256:0137fb05990d35f1275a587e9aee6d56da821fc83491a0fb838183be43f66d6d",
                "sha256:85ece4451f492d0c13c5dd7c13a64681a86afae63a5f347908daf103ce6d2f67"
            ],
            "markers": "python_version >= '3.7'",
            "version": "==3.1.6"
        },
        "markupsafe": {
            "hashes": [
                "sha256:0303439a41979d9e74d18ff5e2dd8c43ed6c6001fd40e5bf2e43f7bd9bbc523f",
                "sha256:068f375c472b3e7acbe2d5318dea141359e6900156b5b2ba06a30b169086b91a",
                "sha256:0bf2a864d67e76e5c9a34dc26ec616a66b9888e25e7b9460e1c76d3293bd9dbf",
                "sha256:0db14f5dafddbb6d9208827849fad01f1a2609380add406671a26386cdf15a19",
                "sha256:0eb9ff8191e8498cca014656ae6b8d61f39da5f95b488805da4bb029cccbfbaf",
                "sha256:0f4b68347f8c5eab4a13419215bdfd7f8c9b19f2b25520968adfad23eb0ce60c",
                "sha256:1085e7fbddd3be5f89cc898938f42c0b3c711fdcb37d75221de2666af647c175",
                "sha256:116bb52f642a37c115f517494ea5feb03889e04df47eeff5b130b1808ce7c219",
                "sha256:12c63dfb4a98206f045aa9563db46507995f7ef6d83b2f68eda65c307c6829eb",
                "sha256:133a43e73a802c5562be9bbcd03d090aa5a1fe899db609c29e8c8d815c5f6de6",
                "sha256:1353ef0c1b138e1907ae78e2f6c63ff67501122006b0f9abad68fda5f4ffc6ab",
                "sha256:15d939a21d546304880945ca1ecb8a039db6b4dc49b2c5a400387cdae6a62e26",
                "sha256:177b5253b2834fe3678cb4a5f0059808258584c559193998be2601324fdeafb1",
                "sha256:1872df69a4de6aead3491198eaf13810b565bdbeec3ae2dc8780f14458ec73ce",
                "sha256:1b4b79e8ebf6b55351f0d91fe80f893b4743f104bff22e90697db1590e47a218",
                "sha256:1b52b4fb9df4eb9ae465f8d0c228a00624de2334f216f178a995ccdcf82c4634",
                "sha256:1ba88449deb3de88bd40044603fafffb7bc2b055d626a330323a9ed736661695",
                "sha256:1cc7ea17a6824959616c525620e387f6dd30fec8cb44f649e31712db02123dad",
                "sha256:218551f6df4868a8d527e3062d0fb968682fe92054e89978594c28e642c43a73",
                "sha256:26a5784ded40c9e318cfc2bdb30fe164bdb8665ded9cd64d500a34fb42067b1c",
                "sha256:2713baf880df847f2bece4230d4d094280f4e67b1e813eec43b4c0e144a34ffe",
                "sha256:2a15a08b17dd94c53a1da0438822d70ebcd13f8c3a95abe3a9ef9f11a94830aa",
                "sha256:2f981d352f04553a7171b8e44369f2af4055f888dfb147d55e42d29e29e74559",
                "sha256:32001d6a8fc98c8cb5c947787c5d08b0a50663d139f1305bac5885d98d9b40fa",
                "sha256:3524b778fe5cfb3452a09d31e7b5adefeea8c5be1d43c4f810ba09f2ceb29d37",
                "sha256:3537e01efc9d4dccdf77221fb1cb3b8e1a38d5428920e0657ce299b20324d758",
                "sha256:35add3b638a5d900e807944a078b51922212fb3dedb01633a8defc4b01a3c85f",
                "sha256:38664109c14ffc9e7437e86b4dceb442b0096dfe3541d7864d9cbe1da4cf36c8",
                "sha256:3a7e8ae81ae39e62a41ec302f972ba6ae23a5c5396c8e60113e9066ef893da0d",
                "sha256:3b562dd9e9ea93f13d53989d23a7e775fdfd1066c33494ff43f5418bc8c58a5c",
                "sha256:457a69a9577064c05a97c41f4e65148652db078a3a509039e64d3467b9e7ef97",
                "sha256:4bd4cd07944443f5a265608cc6aab442e4f74dff8088b0dfc8238647b8f6ae9a",
                "sha256:4e885a3d1efa2eadc93c894a21770e4bc67899e3543680313b09f139e149ab19",
                "sha256:4faffd047e07c38848ce017e8725090413cd80cbc23d86e55c587bf979e579c9",
                "sha256:509fa21c6deb7a7a273d629cf5ec029bc209d1a51178615ddf718f5918992ab9",
                "sha256:5678211cb9333a6468fb8d8be0305520aa073f50d17f089b5b4b477ea6e67fdc",
                "sha256:591ae9f2a647529ca990bc681daebdd52c8791ff06c2bfa05b65163e28102ef2",
                "sha256:5a7d5dc5140555cf21a6fefbdbf8723f06fcd2f63ef108f2854de715e4422cb4",
                "sha256:69c0b73548bc525c8cb9a251cddf1931d1db4d2258e9599c28c07ef3580ef354",
                "sha256:6b5420a1d9450023228968e7e6a9ce57f65d148ab56d2313fcd589eee96a7a50",
                "sha256:722695808f4b6457b320fdc131280796bdceb04ab50fe1795cd540799ebe1698",
                "sha256:729586769a26dbceff69f7a7dbbf59ab6572b99d94576a5592625d5b411576b9",
                "sha256:77f0643abe7495da77fb436f50f8dab76dbc6e5fd25d39589a0f1fe6548bfa2b",
                "sha256:795e7751525cae078558e679d646ae45574b47ed6e7771863fcc079a6171a0fc",
                "sha256:7be7b61bb172e1ed687f1754f8e7484f1c8019780f6f6b0786e76bb01c2ae115",
                "sha256:7c3fb7d25180895632e5d3148dbdc29ea38ccb7fd210aa27acbd1201a1902c6e",
                "sha256:7e68f88e5b8799aa49c85cd116c932a1ac15caaa3f5db09087854d218359e485",
                "sha256:83891d0e9fb81a825d9a6d61e3f07550ca70a076484292a70fde82c4b807286f",
                "sha256:8485f406a96febb5140bfeca44a73e3ce5116b2501ac54fe953e488fb1d03b12",
                "sha256:8709b08f4a89aa7586de0aadc8da56180242ee0ada3999749b183aa23df95025",
                "sha256:8f71bc33915be5186016f675cd83a1e08523649b0e33efdb898db577ef5bb009",
                "sha256:915c04ba3851909ce68ccc2b8e2cd691618c4dc4c4232fb7982bca3f41fd8c3d",
                "sha256:949b8d66bc381ee8b007cd945914c721d9aba8e27f71959d750a46f7c282b20b",
                "sha256:94c6f0bb423f739146aec64595853541634bde58b2135f27f61c1ffd1cd4d16a",
                "sha256:9a1abfdc021a164803f4d485104931fb8f8c1efd55bc6b748d2f5774e78b62c5",
                "sha256:9b79b7a16f7fedff2495d684f2b59b0457c3b493778c9eed31111be64d58279f",
                "sha256:a320721ab5a1aba0a233739394eb907f8c8da5c98c9181d1161e77a0c8e36f2d",
                "sha256:a4afe79fb3de0b7097d81da19090f4df4f8d3a2b3adaa8764138aac2e44f3af1",
                "sha256:ad2cf8aa28b8c020ab2fc8287b0f823d0a7d8630784c31e9ee5edea20f406287",
                "sha256:b8512a91625c9b3da6f127803b166b629725e68af71f8184ae7e7d54686a56d6",
                "sha256:bc51efed119bc9cfdf792cdeaa4d67e8f6fcccab66ed4bfdd6bde3e59bfcbb2f",
                "sha256:bdc919ead48f234740ad807933cdf545180bfbe9342c2bb451556db2ed958581",
                "sha256:bdd37121970bfd8be76c5fb069c7751683bdf373db1ed6c010162b2a130248ed",
                "sha256:be8813b57049a7dc738189df53d69395eba14fb99345e0a5994914a3864c8a4b",
                "sha256:c0c0b3ade1c0b13b936d7970b1d37a57acde9199dc2aecc4c336773e1d86049c",
                "sha256:c47a551199eb8eb2121d4f0f15ae0f923d31350ab9280078d1e5f12b249e0026",
                "sha256:c4ffb7ebf07cfe8931028e3e4c85f0357459a3f9f9490886198848f4fa002ec8",
                "sha256:ccfcd093f13f0f0b7fdd0f198b90053bf7b2f02a3927a30e63f3ccc9df56b676",
                "sha256:d2ee202e79d8ed691ceebae8e0486bd9a2cd4794cec4824e1c99b6f5009502f6",
                "sha256:d53197da72cc091b024dd97249dfc7794d6a56530370992a5e1a08983ad9230e",
                "sha256:d6dd0be5b5b189d31db7cda48b91d7e0a9795f31430b7f271219ab30f1d3ac9d",
                "sha256:d88b440e37a16e651bda4c7c2b930eb586fd15ca7406cb39e211fcff3bf3017d",
                "sha256:de8a88e63464af587c950061a5e6a67d3632e36df62b986892331d4620a35c01",
                "sha256:df2449253ef108a379b8b5d6b43f4b1a8e81a061d6537becd5582fba5f9196d7",
                "sha256:e1c1493fb6e50ab01d20a22826e57520f1284df32f2d8601fdd90b6304601419",
                "sha256:e1cf1972137e83c5d4c136c43ced9ac51d0e124706ee1c8aa8532c1287fa8795",
                "sha256:e2103a929dfa2fcaf9bb4e7c091983a49c9ac3b19c9061b6d5427dd7d14d81a1",
                "sha256:e56b7d45a839a697b5eb268c82a71bd8c7f6c94d6fd50c3d577fa39a9f1409f5",
                "sha256:e8afc3f2ccfa24215f8cb28dcf43f0113ac3c37c2f0f0806d8c70e4228c5cf4d",
                "sha256:e8fc20152abba6b83724d7ff268c249fa196d8259ff481f3b1476383f8f24e42",
                "sha256:eaa9599de571d72e2daf60164784109f19978b327a3910d3e9de8c97b5b70cfe",
                "sha256:ec15a59cf5af7be74194f7ab02d0f59a62bdcf1a537677ce67a2537c9b87fcda",
                "sha256:f190daf01f13c72eac4efd5c430a8de82489d9cff23c364c3ea822545032993e",
                "sha256:f34c41761022dd093b4b6896d4810782ffbabe30f2d443ff5f083e0cbbb8c737",
                "sha256:f3e98bb3798ead92273dc0e5fd0f31ade220f59a266ffd8a4f6065e0a3ce0523",
                "sha256:f42d0984e947b8adf7dd6dde396e720934d12c506ce84eea8476409563607591",
                "sha256:f71a396b3bf33ecaa1626c255855702aca4d3d9fea5e051b41ac59a9c1c41edc",
                "sha256:f9e130248f4462aaa8e2552d547f36ddadbeaa573879158d721bbd33dfe4743a",
                "sha256:fed51ac40f757d41b7c48425901843666a6677e3e8eb0abcff09e4ba6e664f50"
            ],
            "markers": "python_version >= '3.9'",
            "version": "==3.0.3"
        },
        "pymongo": {
            "hashes": [
                "sha256:0ff6bd2f735ab5356541e3e57d5b7dbfbc3f2ee1ccb10b6b0f82d58af69d1d8e",
                "sha256:1175563375d682260f613a96fb7a53dce746ed752bfd924eab61de3bc5bfde34",
                "sha256:1195370a77baf003b59b10e91ecc4706297197f0dd9d29c840cc556dc08f7cee",
                "sha256:12c4fded3a9f1d6a687e36ebd384ac6d00b9b00de1969aa74048e7051ec2a713",
                "sha256:15d3f3d732aecac1f8d481bde4029755615639bd3076f258a2147210aec8515a",
                "sha256:20323b0b1c1d33770ad1fc68d429c757734ce9ad3594421c3d6618f10572b1b9",
                "sha256:2a0d5ac205728c86e0a02192f1aa5f865b0d7d51f8df6101c01a69a7fc620d72",
                "sha256:2db66aa8dd253a0fc1fad3b0d23d5b3993f7ebde02fbbd7727128debf2853675",
                "sha256:2e190827834fce70ecdf9d46796c6dbc0ce08ea87dc2ff5bc6f3f5579b605cb9",
                "sha256:320b34457b20bbcc79997801f95d25ce00472915ca5241167242b42c4359e027",
                "sha256:3689ea34f6b647c7d1e7bdc60fcfb214b2789ed1359a7fb96569c69f50e5f18f",
                "sha256:37a8385c29881b43eab31f584100fa0eaddedd5607adf010147ba1810118be90",
                "sha256:3987e96e7c7be4083d42e8ac2cc6c0d5b78db9973c90fce42ae800b616ca6b20",
                "sha256:4141e6c6a339789b2974efa00ecd9409101672d77a0e3ee2cc3839eedf8ec4df",
                "sha256:422fa50d7d7f5c22ea0953554396c9ef95684a2d775f860bd75a7b510538dfca",
                "sha256:47b021363cd923ace5edc7a1d63c0ff8a6d9d43859b8a1ba23645f5afae63221",
                "sha256:485c8a8eaa4c739f00a331fc73757898ee7c092c214a79e63866ff76aaf282ff",
                "sha256:48bbc576677b50af043df870d84ded67cc3a9b4aa7553201beef4da5dc050a0a",
                "sha256:4ae22fafca69dd3c78261969e999782ac5fc23b76cf8cccfbc3707982a74cc3d",
                "sha256:50e8f8e23c6df7c6d6929f5e734980b227706e73ee847517c9ba5af90f7fc466",
                "sha256:51e1915761f65f2aaabd0ba691a31d56551d3f19d1263c2d6bf261730603de5f",
                "sha256:5376ad67bb30ae910d83affcf997f706d9dee37e8b5dad8b6fedb0626e262d85",
                "sha256:5960519b4d7168f1ecdd3ea10c81b2aedeb9423651aca953cfbc8e76705d3b38",
                "sha256:5a5de048e6da5c18e27cc2437e8c15b3b0cdc8385c15b41178b0caa3322a09c2",
                "sha256:5ab3b8ff79e0dfc49b68f3c925e8cc735ea95c60efaed84cfe75692dffcaac2a",
                "sha256:64837adbbd72073301af51bb0fc80e3d7707fe5527cea1033ba0320f0b2f881b",
                "sha256:6877214bff5f06f6884a9fc8d9016a4a7a5f51f537f5c51ac3a576f93e7dfb32",
                "sha256:68fca71e05ee5da23a8d73cee8379dfb3d26e609a377cae731d742771ed96946",
                "sha256:6c5f62862d0f87be481fa1fe8cb811994486773c94a2b61e509285e3f2890763",
                "sha256:6fe0de9d0f6791abce3471230b32b4817bf89d27b1182b6a550e1ec0fa72aa9a",
                "sha256:70ffa08ba641468cc068cf46c06b34f01a8ce3489f6411309fcb5ceabe6b2fc0",
                "sha256:757f2a4c0c2c46cab87df0333681ce69e86c9d5b45bc5203ceba5410b3489e59",
                "sha256:75bc3aa5b94fdb7138d357ec6ca61cd97e0c79f4f7f0bd3efe9639b15cc50942",
                "sha256:77aa4bc164b4de60d5db193b322f0f5b6ead716e831031bfdef8e8bd92205556",
                "sha256:7db10678814cdf7ea39fd308c6f41395cfa7b29d904bcd7895288963d8f892ba",
                "sha256:809ec74de3b9148ae43fa8df9faf53470f511c8d384f13b99d6f671f2a379f15",
                "sha256:8446ff4bfcb6ec2a2e50998c860986a1e992136f998b7f53e7a717fb8aa5a0b9",
                "sha256:8a1be016198a03fd7727cdd55998964bfa4e5a6fd9733c8e95830628cef34d29",
                "sha256:8e97e03fa13327c87e3fdc5656acd01e71817f0c1dc3221cd8f30de136bf4ec3",
                "sha256:93641192644fa1ee0f34030e774fd31022a27ad11ba22cb1716142231524f8bd",
                "sha256:9543d8f84c2e5608565c08ac679774811e6730770d8a645439b073422a4276fb",
                "sha256:9828485f72f63c7d802e0ec41f71906f633c2692621ab3af55ca990186b091b1",
                "sha256:9eb5d63a3c518cb0804ed678f5e2b875af032d89a7cf57a57360322cf6a4d222",
                "sha256:a431b737816bf4cddd4fa0fcef04e424ad36b7692734a64150f872fb8f3208be",
                "sha256:a8f9c40a09bb7d4b9fc8b1da65ecf6efa79bda5cb2756f39d9b6940fac1d19ae",
                "sha256:addd0498ebbdc6354227f6ed457ed9fce442d48a3bb30d5b5bad33e104996561",
                "sha256:b24598dc3c2feccbc83b43044be48145a0dc4f9bee49ef923e3d707d54a55d85",
                "sha256:b2dfcc795f5b9fedbe179a11fdf6051581479d196582a3fe819a92a00e9b9969",
                "sha256:b4384700cffc3f1dd98e088bc0072dedf6d7d68a230bb4b972665cf69c071c1e",
                "sha256:b93b22eedc62598cf5ee9d8c8007a8e9121c50fd88137012d8985500e9dc3151",
                "sha256:ba2195d4f386f839a52a23ea1cfd60ffaaba78a3d7841db51b7e433001139918",
                "sha256:bb3ebc86782049f6928dcc583008287cb1c17d463501c94a620f035f5b4fd463",
                "sha256:bd835cdb37a1adec359dd072c24f8bb14809e2644fde86fab4ee2fc9719b9483",
                "sha256:c2292144505fb12156b981bd440f3dc994a883da06ac726c0c8692ccdbc1c510",
                "sha256:c4979e7e8887862bbb44d203f00cc8263a3f27237876fa691b6beba23e40e6d8",
                "sha256:c5c8e180cb2cabe37300e1e36c60aa4f2ff956cc579f0142135a5d2cba252243",
                "sha256:c797f8a80957134f6dd9690367a0f8f5906d672119af2c6aa55f0c527b656bed",
                "sha256:c9786665926a09630c5d420c79762cfadbff35a9438bcbc4c81a9fb5ab9228b7",
                "sha256:cee36b3c0d0354f880fa7a7fdcdaf2bb5e542c2281e25c1bfadf8cfe21eba7d2",
                "sha256:d53ffa94b2340dbf6b055e09a0090618c60482c158ecfc9565642fc996bf0944",
                "sha256:df4a644af9ae132d4bfdb2e9516ea51a615fd881caddfbfbd071cf1354844479",
                "sha256:dff3de1294fbbc1db0ba6b511f77b8e540601d092538a31312e99c8a91a78b1e",
                "sha256:e46767f28dea610e02edf6c5d956ce615c3c7790ea396660b9b1efd5c5ead2e0",
                "sha256:e4fab10f8403169ce92f3cea921609d9ee81107306caae06c08f592d4b8ad2b5",
                "sha256:e537e95514dae1aaa718f481ec03151a0f0394bcd05f1322896d8fc1330cb729",
                "sha256:e68c76b84e0c132d9dbf9307f12ff8185702328187a87b9aca8c941303873433",
                "sha256:e816db649ba5d7de0568cf3a9f287a9dc9aad21cf0ca667ab156a7ef47fca0b0",
                "sha256:f09645e0ce4e3825fa0baa8254064a716ed0be33f78feeedd4731016cb8aaa17",
                "sha256:f3ee3d241ed77a4fc99ce3cff3b289c3ebce37f61fdd7349d3592c23b82c8784",
                "sha256:faf03e4c2aafd6de626dbd30ba246d369ae33f47f10629d1bbe40f72115027a6",
                "sha256:ff5aa3f1c7e3f08eb0e7a016c91ba468b1850ccfd63d9b1f12f56350f4974cef"
            ],
            "index": "pypi",
            "markers": "python_version >= '3.9'",
            "version": "==4.17.0"
        },
        "python-dotenv": {
            "hashes": [
                "sha256:1d8214789a24de455a8b8bd8ae6fe3c6b69a5e3d64aa8a8e5d68e694bbcb285a",
                "sha256:2c371a91fbd7ba082c2c1dc1f8bf89ca22564a087c2c287cd9b662adde799cf3"
            ],
            "markers": "python_version >= '3.10'",
            "version": "==1.2.2"
        },
        "werkzeug": {
            "hashes": [
                "sha256:63a77fb8892bf28ebc3178683445222aa500e48ebad5ec77b0ad80f8726b1f50",
                "sha256:9bad61a4268dac112f1c5cd4630a56ede601b6ed420300677a869083d70a4c44"
            ],
            "markers": "python_version >= '3.9'",
            "version": "==3.1.8"
        }
    },
    "develop": {}
}
